
Microsoft Visual Studio Solution File, Format Version 12.00
# Visual Studio Version 17
VisualStudioVersion = 17.14.36109.1 d17.14
MinimumVisualStudioVersion = 10.0.40219.1
Project("{FAE04EC0-301F-11D3-BF4B-00C04F79EFBC}") = "CQRSCleanArchiDDD", "CQRSCleanArchiDDD\CQRSCleanArchiDDD.csproj", "{0C18DCBB-409B-47B6-9F64-E094C610852C}"
EndProject
Project("{FAE04EC0-301F-11D3-BF4B-00C04F79EFBC}") = "Domain", "Domain\Domain.csproj", "{ABBC1A79-7A11-4906-83A4-9B8C7ED601E8}"
EndProject
Project("{FAE04EC0-301F-11D3-BF4B-00C04F79EFBC}") = "Application", "Application\Application.csproj", "{83D304C0-BBF2-4037-9677-C80E372D2780}"
EndProject
Project("{FAE04EC0-301F-11D3-BF4B-00C04F79EFBC}") = "Infrastructure", "Infrastructure\Infrastructure.csproj", "{26212A5F-167C-4AA3-9887-38EEFEE51231}"
EndProject
Project("{FAE04EC0-301F-11D3-BF4B-00C04F79EFBC}") = "Tests", "Tests\Tests.csproj", "{760ADD3C-679A-427A-AA87-23D47266CAFD}"
EndProject
Global
	GlobalSection(SolutionConfigurationPlatforms) = preSolution
		Debug|Any CPU = Debug|Any CPU
		Release|Any CPU = Release|Any CPU
	EndGlobalSection
	GlobalSection(ProjectConfigurationPlatforms) = postSolution
		{0C18DCBB-409B-47B6-9F64-E094C610852C}.Debug|Any CPU.ActiveCfg = Debug|Any CPU
		{0C18DCBB-409B-47B6-9F64-E094C610852C}.Debug|Any CPU.Build.0 = Debug|Any CPU
		{0C18DCBB-409B-47B6-9F64-E094C610852C}.Release|Any CPU.ActiveCfg = Release|Any CPU
		{0C18DCBB-409B-47B6-9F64-E094C610852C}.Release|Any CPU.Build.0 = Release|Any CPU
		{ABBC1A79-7A11-4906-83A4-9B8C7ED601E8}.Debug|Any CPU.ActiveCfg = Debug|Any CPU
		{ABBC1A79-7A11-4906-83A4-9B8C7ED601E8}.Debug|Any CPU.Build.0 = Debug|Any CPU
		{ABBC1A79-7A11-4906-83A4-9B8C7ED601E8}.Release|Any CPU.ActiveCfg = Release|Any CPU
		{ABBC1A79-7A11-4906-83A4-9B8C7ED601E8}.Release|Any CPU.Build.0 = Release|Any CPU
		{83D304C0-BBF2-4037-9677-C80E372D2780}.Debug|Any CPU.ActiveCfg = Debug|Any CPU
		{83D304C0-BBF2-4037-9677-C80E372D2780}.Debug|Any CPU.Build.0 = Debug|Any CPU
		{83D304C0-BBF2-4037-9677-C80E372D2780}.Release|Any CPU.ActiveCfg = Release|Any CPU
		{83D304C0-BBF2-4037-9677-C80E372D2780}.Release|Any CPU.Build.0 = Release|Any CPU
		{26212A5F-167C-4AA3-9887-38EEFEE51231}.Debug|Any CPU.ActiveCfg = Debug|Any CPU
		{26212A5F-167C-4AA3-9887-38EEFEE51231}.Debug|Any CPU.Build.0 = Debug|Any CPU
		{26212A5F-167C-4AA3-9887-38EEFEE51231}.Release|Any CPU.ActiveCfg = Release|Any CPU
		{26212A5F-167C-4AA3-9887-38EEFEE51231}.Release|Any CPU.Build.0 = Release|Any CPU
		{760ADD3C-679A-427A-AA87-23D47266CAFD}.Debug|Any CPU.ActiveCfg = Debug|Any CPU
		{760ADD3C-679A-427A-AA87-23D47266CAFD}.Debug|Any CPU.Build.0 = Debug|Any CPU
		{760ADD3C-679A-427A-AA87-23D47266CAFD}.Release|Any CPU.ActiveCfg = Release|Any CPU
		{760ADD3C-679A-427A-AA87-23D47266CAFD}.Release|Any CPU.Build.0 = Release|Any CPU
	EndGlobalSection
	GlobalSection(SolutionProperties) = preSolution
		HideSolutionNode = FALSE
	EndGlobalSection
	GlobalSection(ExtensibilityGlobals) = postSolution
		SolutionGuid = {9E5888B5-1834-4ACE-A158-F30A5C25BF85}
	EndGlobalSection
EndGlobal
